{
  "name": "rootCX2",
  "lockfileVersion": 3,
  "requires": true,
  "packages": {
    "": {
      "dependencies": {
        "agent-browser": "^0.22.1"
      }
    },
    "node_modules/agent-browser": {
      "version": "0.22.1",
      "resolved": "https://registry.npmjs.org/agent-browser/-/agent-browser-0.22.1.tgz",
      "integrity": "sha512-n2hz0hGfEP64k2hPUeWv9rjQj8mQmEaxGjez0EjA+y0m0ClJq7Vlvyo+kz0BKzvJirr4l78wXQ1+T4rcjSIRHw==",
      "hasInstallScript": true,
      "license": "Apache-2.0",
      "bin": {
        "agent-browser": "bin/agent-browser.js"
      }
    }
  }
}
